arches:
- arch: x86_64
  module_metadata:
  - checksum: sha256:98f6a86e7d3ff08c9ecc64bc07c60855991cb2a80ed8f20a1f468c5769702f6b
    repoid: rhel-8-for-x86_64-appstream-rpms
    size: 746790
    url: https://cdn.redhat.com/content/dist/rhel8/8/x86_64/appstream/os/repodata/98f6a86e7d3ff08c9ecc64bc07c60855991cb2a80ed8f20a1f468c5769702f6b-modules.yaml.gz
  packages:
  - checksum: sha256:4be7cfbb58aeec0db66ac9d2e996de662499bac99a2788f934f87d6998ba073e
    evr: 1.6.3-12.el8
    name: apr
    repoid: rhel-8-for-x86_64-appstream-rpms
    size: 132644
    sourcerpm: apr-1.6.3-12.el8.src.rpm
    url: https://cdn.redhat.com/content/dist/rhel8/8/x86_64/appstream/os/Packages/a/apr-1.6.3-12.el8.x86_64.rpm
  - checksum: sha256:153b5f51d3e71191b5ccd483298911aeb9a0794cc9d8f13ae22cac8c5b3643e3
    evr: 1.6.1-9.el8
    name: apr-util
    repoid: rhel-8-for-x86_64-appstream-rpms
    size: 108280
    sourcerpm: apr-util-1.6.1-9.el8.src.rpm
    url: https://cdn.redhat.com/content/dist/rhel8/8/x86_64/appstream/os/Packages/a/apr-util-1.6.1-9.el8.x86_64.rpm
  - checksum: sha256:106ed56188f62702d967d3148b05ef2f0e43fceee7b2bc3d44dd53be20a300b5
    evr: 1.6.1-9.el8
    name: apr-util-bdb
    repoid: rhel-8-for-x86_64-appstream-rpms
    size: 25604
    sourcerpm: apr-util-1.6.1-9.el8.src.rpm
    url: https://cdn.redhat.com/content/dist/rhel8/8/x86_64/appstream/os/Packages/a/apr-util-bdb-1.6.1-9.el8.x86_64.rpm
  - checksum: sha256:bb636fb6d64af9e9a9b3f432dd587d60946c987b31758c59a20a0d7872099c14
    evr: 1.6.1-9.el8
    name: apr-util-openssl
    repoid: rhel-8-for-x86_64-appstream-rpms
    size: 27864
    sourcerpm: apr-util-1.6.1-9.el8.src.rpm
    url: https://cdn.redhat.com/content/dist/rhel8/8/x86_64/appstream/os/Packages/a/apr-util-openssl-1.6.1-9.el8.x86_64.rpm
  - checksum: sha256:c9c97b1e34949a29e3ef951f9f91d583cc6e5859cd3028995ac3095b2f5051db
    evr: 2.43.7-1.el8_10
    name: git
    repoid: rhel-8-for-x86_64-appstream-rpms
    size: 94884
    sourcerpm: git-2.43.7-1.el8_10.src.rpm
    url: https://cdn.redhat.com/content/dist/rhel8/8/x86_64/appstream/os/Packages/g/git-2.43.7-1.el8_10.x86_64.rpm
  - checksum: sha256:51124ac7ed4c97b5a62a34a3b5e6139a3012d8fd516d3d56bc83490b19aa6bc9
    evr: 2.43.7-1.el8_10
    name: git-core
    repoid: rhel-8-for-x86_64-appstream-rpms
    size: 11631124
    sourcerpm: git-2.43.7-1.el8_10.src.rpm
    url: https://cdn.redhat.com/content/dist/rhel8/8/x86_64/appstream/os/Packages/g/git-core-2.43.7-1.el8_10.x86_64.rpm
  - checksum: sha256:09202aba03724180992d4cb6a3c617423ee25dc61f2c162990a25d7781977058
    evr: 2.43.7-1.el8_10
    name: git-core-doc
    repoid: rhel-8-for-x86_64-appstream-rpms
    size: 3216756
    sourcerpm: git-2.43.7-1.el8_10.src.rpm
    url: https://cdn.redhat.com/content/dist/rhel8/8/x86_64/appstream/os/Packages/g/git-core-doc-2.43.7-1.el8_10.noarch.rpm
  - checksum: sha256:7f2e0f15633d00360772373feaa858fae40c7272b9e29e6e9107fc6d3ec8eb38
    evr: 2.4.37-65.module+el8.10.0+23042+b3baf0f4.4
    name: httpd-tools
    repoid: rhel-8-for-x86_64-appstream-rpms
    size: 115363
    sourcerpm: httpd-2.4.37-65.module+el8.10.0+23042+b3baf0f4.4.src.rpm
    url: https://cdn.redhat.com/content/dist/rhel8/8/x86_64/appstream/os/Packages/h/httpd-tools-2.4.37-65.module+el8.10.0+23042+b3baf0f4.4.x86_64.rpm
  - checksum: sha256:9e90e6054da06f5c8c2733c3b66987693a58ddc1f05d95b23ca0a464e26a2b22
    evr: 1.17-395.el8
    name: perl-Digest
    repoid: rhel-8-for-x86_64-appstream-rpms
    size: 27624
    sourcerpm: perl-Digest-1.17-395.el8.src.rpm
    url: https://cdn.redhat.com/content/dist/rhel8/8/x86_64/appstream/os/Packages/p/perl-Digest-1.17-395.el8.noarch.rpm
  - checksum: sha256:83ffd804a5c0ac401ea30620a563a57bbfd2eb1f16cbc6813b7ea22303ac9f53
    evr: 2.55-396.el8
    name: perl-Digest-MD5
    repoid: rhel-8-for-x86_64-appstream-rpms
    size: 37880
    sourcerpm: perl-Digest-MD5-2.55-396.el8.src.rpm
    url: https://cdn.redhat.com/content/dist/rhel8/8/x86_64/appstream/os/Packages/p/perl-Digest-MD5-2.55-396.el8.x86_64.rpm
  - checksum: sha256:a6ba7653293a529eddb0245935f26091e2fef58e1d479297056e78a4424acd92
    evr: 1:0.17025-2.el8
    name: perl-Error
    repoid: rhel-8-for-x86_64-appstream-rpms
    size: 47160
    sourcerpm: perl-Error-0.17025-2.el8.src.rpm
    url: https://cdn.redhat.com/content/dist/rhel8/8/x86_64/appstream/os/Packages/p/perl-Error-0.17025-2.el8.noarch.rpm
  - checksum: sha256:cc2b622933dabf0579711ce3fdccfd5b485483b8b0f8ed4dc2df3d59842ba735
    evr: 2.43.7-1.el8_10
    name: perl-Git
    repoid: rhel-8-for-x86_64-appstream-rpms
    size: 81136
    sourcerpm: git-2.43.7-1.el8_10.src.rpm
    url: https://cdn.redhat.com/content/dist/rhel8/8/x86_64/appstream/os/Packages/p/perl-Git-2.43.7-1.el8_10.noarch.rpm
  - checksum: sha256:7519f2af362827daecf105e1dccb551350f32dfd3f6a8a85bf6eb1b4b7788255
    evr: 0.39-5.el8
    name: perl-IO-Socket-IP
    repoid: rhel-8-for-x86_64-appstream-rpms
    size: 47972
    sourcerpm: perl-IO-Socket-IP-0.39-5.el8.src.rpm
    url: https://cdn.redhat.com/content/dist/rhel8/8/x86_64/appstream/os/Packages/p/perl-IO-Socket-IP-0.39-5.el8.noarch.rpm
  - checksum: sha256:e82ab03c8a19f40df7f1eee34786246562ba4f5d5876ce77736ecde219006cf4
    evr: 2.066-4.module+el8.3.0+6446+594cad75
    name: perl-IO-Socket-SSL
    repoid: rhel-8-for-x86_64-appstream-rpms
    size: 304826
    sourcerpm: perl-IO-Socket-SSL-2.066-4.module+el8.3.0+6446+594cad75.src.rpm
    url: https://cdn.redhat.com/content/dist/rhel8/8/x86_64/appstream/os/Packages/p/perl-IO-Socket-SSL-2.066-4.module+el8.3.0+6446+594cad75.noarch.rpm
  - checksum: sha256:d2593772ce32d37483f61d254990c31e3548ab504c793b95e8f4603a5040032b
    evr: 20160104-7.module+el8.3.0+6498+9eecfe51
    name: perl-Mozilla-CA
    repoid: rhel-8-for-x86_64-appstream-rpms
    size: 15771
    sourcerpm: perl-Mozilla-CA-20160104-7.module+el8.3.0+6498+9eecfe51.src.rpm
    url: https://cdn.redhat.com/content/dist/rhel8/8/x86_64/appstream/os/Packages/p/perl-Mozilla-CA-20160104-7.module+el8.3.0+6498+9eecfe51.noarch.rpm
  - checksum: sha256:290312d4dd2d24f0c42235a50512d5a7d23018a0ef12eb54907aa8f88cc22fb3
    evr: 1.88-2.module+el8.6.0+13392+f0897f98
    name: perl-Net-SSLeay
    repoid: rhel-8-for-x86_64-appstream-rpms
    size: 388290
    sourcerpm: perl-Net-SSLeay-1.88-2.module+el8.6.0+13392+f0897f98.src.rpm
    url: https://cdn.redhat.com/content/dist/rhel8/8/x86_64/appstream/os/Packages/p/perl-Net-SSLeay-1.88-2.module+el8.6.0+13392+f0897f98.x86_64.rpm
  - checksum: sha256:ea22b60430f762e2b8e2d5697522af1aa937ea0b933c6dbe5b5a8ca4f2b7dbd6
    evr: 2.37-7.el8
    name: perl-TermReadKey
    repoid: rhel-8-for-x86_64-appstream-rpms
    size: 41200
    sourcerpm: perl-TermReadKey-2.37-7.el8.src.rpm
    url: https://cdn.redhat.com/content/dist/rhel8/8/x86_64/appstream/os/Packages/p/perl-TermReadKey-2.37-7.el8.x86_64.rpm
  - checksum: sha256:dd6a948e5a656701156c618e202c0b6defd11ba6f162b6790cbb42cea15141ae
    evr: 1.73-3.el8
    name: perl-URI
    repoid: rhel-8-for-x86_64-appstream-rpms
    size: 118948
    sourcerpm: perl-URI-1.73-3.el8.src.rpm
    url: https://cdn.redhat.com/content/dist/rhel8/8/x86_64/appstream/os/Packages/p/perl-URI-1.73-3.el8.noarch.rpm
  - checksum: sha256:81afd309f084c91d68c06bd46a4fce2e0d1e265a01ff87e309d1202e711e4a02
    evr: 3.11-3.el8
    name: perl-libnet
    repoid: rhel-8-for-x86_64-appstream-rpms
    size: 123808
    sourcerpm: perl-libnet-3.11-3.el8.src.rpm
    url: https://cdn.redhat.com/content/dist/rhel8/8/x86_64/appstream/os/Packages/p/perl-libnet-3.11-3.el8.noarch.rpm
  - checksum: sha256:9cf2e24fdbe89f25b8283291fd3fcaf73ca60554bbf5767932c38882cdd0e3c4
    evr: 2.9.6-15.el8
    name: cracklib
    repoid: rhel-8-for-x86_64-baseos-rpms
    size: 95532
    sourcerpm: cracklib-2.9.6-15.el8.src.rpm
    url: https://cdn.redhat.com/content/dist/rhel8/8/x86_64/baseos/os/Packages/c/cracklib-2.9.6-15.el8.x86_64.rpm
  - checksum: sha256:3423075b5f924b1512e91fb5c8532ef2768cd2b1b9591e4a2ac3b76d99aa380d
    evr: 2.9.6-15.el8
    name: cracklib-dicts
    repoid: rhel-8-for-x86_64-baseos-rpms
    size: 4144880
    sourcerpm: cracklib-2.9.6-15.el8.src.rpm
    url: https://cdn.redhat.com/content/dist/rhel8/8/x86_64/baseos/os/Packages/c/cracklib-dicts-2.9.6-15.el8.x86_64.rpm
  - checksum: sha256:3752a72be8d33b701a01e746dc2f8d56e2ba7829baa5f2bf3f1a590d8267c60a
    evr: 1:26.1-15.el8_10
    name: emacs-filesystem
    repoid: rhel-8-for-x86_64-baseos-rpms
    size: 72500
    sourcerpm: emacs-26.1-15.el8_10.src.rpm
    url: https://cdn.redhat.com/content/dist/rhel8/8/x86_64/baseos/os/Packages/e/emacs-filesystem-26.1-15.el8_10.noarch.rpm
  - checksum: sha256:d01df6f542762d94bd73a87f61d19fb98a6304eb9a2eb114a872a91d3312ea34
    evr: 2.2.5-17.el8_10
    name: expat
    repoid: rhel-8-for-x86_64-baseos-rpms
    size: 117960
    sourcerpm: expat-2.2.5-17.el8_10.src.rpm
    url: https://cdn.redhat.com/content/dist/rhel8/8/x86_64/baseos/os/Packages/e/expat-2.2.5-17.el8_10.x86_64.rpm
  - checksum: sha256:620ff70a4c50745bb242153f0a13ac4cc43b61ebbd0cd817e984efd2966ce1c9
    evr: 5.33-26.el8
    name: file
    repoid: rhel-8-for-x86_64-baseos-rpms
    size: 79320
    sourcerpm: file-5.33-26.el8.src.rpm
    url: https://cdn.redhat.com/content/dist/rhel8/8/x86_64/baseos/os/Packages/f/file-5.33-26.el8.x86_64.rpm
  - checksum: sha256:cfa6bd007cf38a40166de803c4aa0ccae2a6f5ffc756efa6e14a2cab228ec22b
    evr: 1:1.18-2.el8
    name: gdbm-libs
    repoid: rhel-8-for-x86_64-baseos-rpms
    size: 61820
    sourcerpm: gdbm-1.18-2.el8.src.rpm
    url: https://cdn.redhat.com/content/dist/rhel8/8/x86_64/baseos/os/Packages/g/gdbm-libs-1.18-2.el8.x86_64.rpm
  - checksum: sha256:73c29baa2cd94f1ae6a1d1333818969a281b16dd4262f413ad284c5333719a4d
    evr: 1.22.3-18.el8
    name: groff-base
    repoid: rhel-8-for-x86_64-baseos-rpms
    size: 1069536
    sourcerpm: groff-1.22.3-18.el8.src.rpm
    url: https://cdn.redhat.com/content/dist/rhel8/8/x86_64/baseos/os/Packages/g/groff-base-1.22.3-18.el8.x86_64.rpm
  - checksum: sha256:7f80be301cda8a6af027f15898058b1f62a0069f347a84aecb2a9c7b4c6d1ef7
    evr: 1.9-13.el8_5
    name: gzip
    repoid: rhel-8-for-x86_64-baseos-rpms
    size: 170828
    sourcerpm: gzip-1.9-13.el8_5.src.rpm
    url: https://cdn.redhat.com/content/dist/rhel8/8/x86_64/baseos/os/Packages/g/gzip-1.9-13.el8_5.x86_64.rpm
  - checksum: sha256:e459a0babd293f436fcf14d3ca98f2bcf18b40b0345aa97d9cf9813159a1f6d6
    evr: 530-3.el8_10
    name: less
    repoid: rhel-8-for-x86_64-baseos-rpms
    size: 168216
    sourcerpm: less-530-3.el8_10.src.rpm
    url: https://cdn.redhat.com/content/dist/rhel8/8/x86_64/baseos/os/Packages/l/less-530-3.el8_10.x86_64.rpm
  - checksum: sha256:0391105afa53c9503b59591615bd7c98e2f7a4cd94ff4fd1451c4234522f3880
    evr: 3.1-23.20170329cvs.el8
    name: libedit
    repoid: rhel-8-for-x86_64-baseos-rpms
    size: 104512
    sourcerpm: libedit-3.1-23.20170329cvs.el8.src.rpm
    url: https://cdn.redhat.com/content/dist/rhel8/8/x86_64/baseos/os/Packages/l/libedit-3.1-23.20170329cvs.el8.x86_64.rpm
  - checksum: sha256:e7793c66af8f2cdd7893527bc81971e50f985f27c67dc22bbf118e3e0468f1a9
    evr: 2.32.1-46.el8
    name: libfdisk
    repoid: rhel-8-for-x86_64-baseos-rpms
    size: 260128
    sourcerpm: util-linux-2.32.1-46.el8.src.rpm
    url: https://cdn.redhat.com/content/dist/rhel8/8/x86_64/baseos/os/Packages/l/libfdisk-2.32.1-46.el8.x86_64.rpm
  - checksum: sha256:f7e60c8a5eaf056a9c67834671561196b961fba7bc763568f1c01c3ab998bb46
    evr: 1.2.0-2.20180605git4a062cf.el8
    name: libnsl2
    repoid: rhel-8-for-x86_64-baseos-rpms
    size: 59120
    sourcerpm: libnsl2-1.2.0-2.20180605git4a062cf.el8.src.rpm
    url: https://cdn.redhat.com/content/dist/rhel8/8/x86_64/baseos/os/Packages/l/libnsl2-1.2.0-2.20180605git4a062cf.el8.x86_64.rpm
  - checksum: sha256:ae3dfbc6ca432681b137f76bee081735d61c65db986b1238ed7837e3112d3180
    evr: 1.4.4-6.el8
    name: libpwquality
    repoid: rhel-8-for-x86_64-baseos-rpms
    size: 109704
    sourcerpm: libpwquality-1.4.4-6.el8.src.rpm
    url: https://cdn.redhat.com/content/dist/rhel8/8/x86_64/baseos/os/Packages/l/libpwquality-1.4.4-6.el8.x86_64.rpm
  - checksum: sha256:70ba287f1cc36b1be6c197a3a754fbc1c37e6e6b6e1798c69b96f9174654c62d
    evr: 2.9-12.el8_10
    name: libsemanage
    repoid: rhel-8-for-x86_64-baseos-rpms
    size: 173008
    sourcerpm: libsemanage-2.9-12.el8_10.src.rpm
    url: https://cdn.redhat.com/content/dist/rhel8/8/x86_64/baseos/os/Packages/l/libsemanage-2.9-12.el8_10.x86_64.rpm
  - checksum: sha256:d35b01a79f17bcaca9a774fa78136acadabf6f627db43b7dca43a83a63afffa4
    evr: 1.1.4-12.el8_10
    name: libtirpc
    repoid: rhel-8-for-x86_64-baseos-rpms
    size: 116808
    sourcerpm: libtirpc-1.1.4-12.el8_10.src.rpm
    url: https://cdn.redhat.com/content/dist/rhel8/8/x86_64/baseos/os/Packages/l/libtirpc-1.1.4-12.el8_10.x86_64.rpm
  - checksum: sha256:ebc4d394a251feba7e1025d7f8ba61e619c2a6fc14229482bf28096e49cef520
    evr: 1.1.6-14.el8
    name: libutempter
    repoid: rhel-8-for-x86_64-baseos-rpms
    size: 32564
    sourcerpm: libutempter-1.1.6-14.el8.src.rpm
    url: https://cdn.redhat.com/content/dist/rhel8/8/x86_64/baseos/os/Packages/l/libutempter-1.1.6-14.el8.x86_64.rpm
  - checksum: sha256:0e4e8e667208c6f9b01c7289269e8b0274984359111173a751b67b7c7d47ffec
    evr: 1:4.2.1-11.el8
    name: make
    repoid: rhel-8-for-x86_64-baseos-rpms
    size: 509756
    sourcerpm: make-4.2.1-11.el8.src.rpm
    url: https://cdn.redhat.com/content/dist/rhel8/8/x86_64/baseos/os/Packages/m/make-4.2.1-11.el8.x86_64.rpm
  - checksum: sha256:998836898721566d3ff94e6d8babada71cc3635169c0763f4b53afabc5446fa1
    evr: 6.1-10.20180224.el8
    name: ncurses
    repoid: rhel-8-for-x86_64-baseos-rpms
    size: 396400
    sourcerpm: ncurses-6.1-10.20180224.el8.src.rpm
    url: https://cdn.redhat.com/content/dist/rhel8/8/x86_64/baseos/os/Packages/n/ncurses-6.1-10.20180224.el8.x86_64.rpm
  - checksum: sha256:5a907994ecbd9800a83ffcd9be24fdfe5a8da79784eb14b5a63ac4b30f5da83b
    evr: 8.0p1-25.el8_10
    name: openssh
    repoid: rhel-8-for-x86_64-baseos-rpms
    size: 538364
    sourcerpm: openssh-8.0p1-25.el8_10.src.rpm
    url: https://cdn.redhat.com/content/dist/rhel8/8/x86_64/baseos/os/Packages/o/openssh-8.0p1-25.el8_10.x86_64.rpm
  - checksum: sha256:ddce4aeedd5f387aeaa4f0f63e79b2288cc456859af502500d78c6270d1d84b5
    evr: 8.0p1-25.el8_10
    name: openssh-clients
    repoid: rhel-8-for-x86_64-baseos-rpms
    size: 661916
    sourcerpm: openssh-8.0p1-25.el8_10.src.rpm
    url: https://cdn.redhat.com/content/dist/rhel8/8/x86_64/baseos/os/Packages/o/openssh-clients-8.0p1-25.el8_10.x86_64.rpm
  - checksum: sha256:a8e4ff3346cfa24713f54d2a9e2b53ad7f3c9d84a6c639ba2150b7cb09550af0
    evr: 1:1.1.1k-14.el8_6
    name: openssl
    repoid: rhel-8-for-x86_64-baseos-rpms
    size: 728108
    sourcerpm: openssl-1.1.1k-14.el8_6.src.rpm
    url: https://cdn.redhat.com/content/dist/rhel8/8/x86_64/baseos/os/Packages/o/openssl-1.1.1k-14.el8_6.x86_64.rpm
  - checksum: sha256:d7f579aabd177461ce0c3ffe08fa2881f2f6f623ac2379c06f68fd69e5a2a2e4
    evr: 1.3.1-37.el8_10
    name: pam
    repoid: rhel-8-for-x86_64-baseos-rpms
    size: 766164
    sourcerpm: pam-1.3.1-37.el8_10.src.rpm
    url: https://cdn.redhat.com/content/dist/rhel8/8/x86_64/baseos/os/Packages/p/pam-1.3.1-37.el8_10.x86_64.rpm
  - checksum: sha256:77066ee655df356370b5d6d736d96835f5712f8e814dfc46b391ecaef9cdd19b
    evr: 1.42-396.el8
    name: perl-Carp
    repoid: rhel-8-for-x86_64-baseos-rpms
    size: 30928
    sourcerpm: perl-Carp-1.42-396.el8.src.rpm
    url: https://cdn.redhat.com/content/dist/rhel8/8/x86_64/baseos/os/Packages/p/perl-Carp-1.42-396.el8.noarch.rpm
  - checksum: sha256:07820bf56fb684093cebe7f0be962785dd918e71082201eed45eae2cefc30669
    evr: 2.167-399.el8
    name: perl-Data-Dumper
    repoid: rhel-8-for-x86_64-baseos-rpms
    size: 59400
    sourcerpm: perl-Data-Dumper-2.167-399.el8.src.rpm
    url: https://cdn.redhat.com/content/dist/rhel8/8/x86_64/baseos/os/Packages/p/perl-Data-Dumper-2.167-399.el8.x86_64.rpm
  - checksum: sha256:5662a18ee7856572448295b688c12c2378a3f9fb830d1703da4c8491416b2586
    evr: 4:2.97-3.el8
    name: perl-Encode
    repoid: rhel-8-for-x86_64-baseos-rpms
    size: 1545496
    sourcerpm: perl-Encode-2.97-3.el8.src.rpm
    url: https://cdn.redhat.com/content/dist/rhel8/8/x86_64/baseos/os/Packages/p/perl-Encode-2.97-3.el8.x86_64.rpm
  - checksum: sha256:1489ff9dac875ee8f6c929fe28b004912f6104ba9849603f3610d2d8e1b934ae
    evr: 1.28-423.el8_10
    name: perl-Errno
    repoid: rhel-8-for-x86_64-baseos-rpms
    size: 78572
    sourcerpm: perl-5.26.3-423.el8_10.src.rpm
    url: https://cdn.redhat.com/content/dist/rhel8/8/x86_64/baseos/os/Packages/p/perl-Errno-1.28-423.el8_10.x86_64.rpm
  - checksum: sha256:7c385e32c12b2639232f74a5dfdfef86daf82e5418bc292c5ab2640fb5cf46dc
    evr: 5.72-396.el8
    name: perl-Exporter
    repoid: rhel-8-for-x86_64-baseos-rpms
    size: 34844
    sourcerpm: perl-Exporter-5.72-396.el8.src.rpm
    url: https://cdn.redhat.com/content/dist/rhel8/8/x86_64/baseos/os/Packages/p/perl-Exporter-5.72-396.el8.noarch.rpm
  - checksum: sha256:d906b13d5dd7a5595133e2a1af83ae17a1aae0c107579db723d21ec4371f3570
    evr: 2.15-2.el8
    name: perl-File-Path
    repoid: rhel-8-for-x86_64-baseos-rpms
    size: 39036
    sourcerpm: perl-File-Path-2.15-2.el8.src.rpm
    url: https://cdn.redhat.com/content/dist/rhel8/8/x86_64/baseos/os/Packages/p/perl-File-Path-2.15-2.el8.noarch.rpm
  - checksum: sha256:537059f8a2598f7b364693aec72f67f1a954c525b381139f736d75edbf19aa12
    evr: 0.230.600-1.el8
    name: perl-File-Temp
    repoid: rhel-8-for-x86_64-baseos-rpms
    size: 64104
    sourcerpm: perl-File-Temp-0.230.600-1.el8.src.rpm
    url: https://cdn.redhat.com/content/dist/rhel8/8/x86_64/baseos/os/Packages/p/perl-File-Temp-0.230.600-1.el8.noarch.rpm
  - checksum: sha256:2976f2c007ac981a70e414960cd7426f446ebc8a0bf8feae7a6ece06c63ffefb
    evr: 1:2.50-4.el8
    name: perl-Getopt-Long
    repoid: rhel-8-for-x86_64-baseos-rpms
    size: 64468
    sourcerpm: perl-Getopt-Long-2.50-4.el8.src.rpm
    url: https://cdn.redhat.com/content/dist/rhel8/8/x86_64/baseos/os/Packages/p/perl-Getopt-Long-2.50-4.el8.noarch.rpm
  - checksum: sha256:79e049eb0c62f528632082e1a3b9b25e2f686d5e6d3b6fed1ca2c33989b77c95
    evr: 0.074-3.el8
    name: perl-HTTP-Tiny
    repoid: rhel-8-for-x86_64-baseos-rpms
    size: 60116
    sourcerpm: perl-HTTP-Tiny-0.074-3.el8.src.rpm
    url: https://cdn.redhat.com/content/dist/rhel8/8/x86_64/baseos/os/Packages/p/perl-HTTP-Tiny-0.074-3.el8.noarch.rpm
  - checksum: sha256:d5fc71a78e60651634d9efbfd4e5ad386aec77929ac855437ba0e1322d218763
    evr: 1.38-423.el8_10
    name: perl-IO
    repoid: rhel-8-for-x86_64-baseos-rpms
    size: 145948
    sourcerpm: perl-5.26.3-423.el8_10.src.rpm
    url: https://cdn.redhat.com/content/dist/rhel8/8/x86_64/baseos/os/Packages/p/perl-IO-1.38-423.el8_10.x86_64.rpm
  - checksum: sha256:78c75125187f1f8d66a6106ea7b07e8cf2b57c18bf85f6dd888842464b128a5c
    evr: 3.15-396.el8
    name: perl-MIME-Base64
    repoid: rhel-8-for-x86_64-baseos-rpms
    size: 31396
    sourcerpm: perl-MIME-Base64-3.15-396.el8.src.rpm
    url: https://cdn.redhat.com/content/dist/rhel8/8/x86_64/baseos/os/Packages/p/perl-MIME-Base64-3.15-396.el8.x86_64.rpm
  - checksum: sha256:0e5d51dc3249aa800150bac70d394ad650dc509bebbec35446494f86cd92aecc
    evr: 3.74-1.el8
    name: perl-PathTools
    repoid: rhel-8-for-x86_64-baseos-rpms
    size: 92196
    sourcerpm: perl-PathTools-3.74-1.el8.src.rpm
    url: https://cdn.redhat.com/content/dist/rhel8/8/x86_64/baseos/os/Packages/p/perl-PathTools-3.74-1.el8.x86_64.rpm
  - checksum: sha256:21b1497d132a52c93129700d58c44ba8c36af8da1bbd23fb408c00c3117c1012
    evr: 1:1.07-395.el8
    name: perl-Pod-Escapes
    repoid: rhel-8-for-x86_64-baseos-rpms
    size: 20980
    sourcerpm: perl-Pod-Escapes-1.07-395.el8.src.rpm
    url: https://cdn.redhat.com/content/dist/rhel8/8/x86_64/baseos/os/Packages/p/perl-Pod-Escapes-1.07-395.el8.noarch.rpm
  - checksum: sha256:a660c78f704d3d22458c71d86605f51d62e3cc5306d22d66bb1df86c7274ad6c
    evr: 3.28-396.el8
    name: perl-Pod-Perldoc
    repoid: rhel-8-for-x86_64-baseos-rpms
    size: 90248
    sourcerpm: perl-Pod-Perldoc-3.28-396.el8.src.rpm
    url: https://cdn.redhat.com/content/dist/rhel8/8/x86_64/baseos/os/Packages/p/perl-Pod-Perldoc-3.28-396.el8.noarch.rpm
  - checksum: sha256:e17077c8803f792c02570b2768510b8e4955bd0ae68ab4930e7060fcbb3793f6
    evr: 1:3.35-395.el8
    name: perl-Pod-Simple
    repoid: rhel-8-for-x86_64-baseos-rpms
    size: 218284
    sourcerpm: perl-Pod-Simple-3.35-395.el8.src.rpm
    url: https://cdn.redhat.com/content/dist/rhel8/8/x86_64/baseos/os/Packages/p/perl-Pod-Simple-3.35-395.el8.noarch.rpm
  - checksum: sha256:f727e7919c662ae990d02ad2a6299ed3161ad7522587c11441477aae03549f06
    evr: 4:1.69-395.el8
    name: perl-Pod-Usage
    repoid: rhel-8-for-x86_64-baseos-rpms
    size: 35300
    sourcerpm: perl-Pod-Usage-1.69-395.el8.src.rpm
    url: https://cdn.redhat.com/content/dist/rhel8/8/x86_64/baseos/os/Packages/p/perl-Pod-Usage-1.69-395.el8.noarch.rpm
  - checksum: sha256:fbc4b08c066f448d213ba5acbcf20a8931c419d2238bc0fe5dd39f71bdf9b30d
    evr: 3:1.49-2.el8
    name: perl-Scalar-List-Utils
    repoid: rhel-8-for-x86_64-baseos-rpms
    size: 69428
    sourcerpm: perl-Scalar-List-Utils-1.49-2.el8.src.rpm
    url: https://cdn.redhat.com/content/dist/rhel8/8/x86_64/baseos/os/Packages/p/perl-Scalar-List-Utils-1.49-2.el8.x86_64.rpm
  - checksum: sha256:cec7c0d124dc281ef4befe001bceabbeba83c5bf05c9a4430102b490cc8bf8e8
    evr: 4:2.027-3.el8
    name: perl-Socket
    repoid: rhel-8-for-x86_64-baseos-rpms
    size: 60224
    sourcerpm: perl-Socket-2.027-3.el8.src.rpm
    url: https://cdn.redhat.com/content/dist/rhel8/8/x86_64/baseos/os/Packages/p/perl-Socket-2.027-3.el8.x86_64.rpm
  - checksum: sha256:ceb9382fbfb2bda85764ea055ffdad26a202c5d8744d867472eb75020060a5aa
    evr: 1:3.11-3.el8
    name: perl-Storable
    repoid: rhel-8-for-x86_64-baseos-rpms
    size: 100672
    sourcerpm: perl-Storable-3.11-3.el8.src.rpm
    url: https://cdn.redhat.com/content/dist/rhel8/8/x86_64/baseos/os/Packages/p/perl-Storable-3.11-3.el8.x86_64.rpm
  - checksum: sha256:657efda777af4b0d63ab127a72f3373c0d8a18f3b81e912b24a5fbdc9927dc1e
    evr: 4.06-396.el8
    name: perl-Term-ANSIColor
    repoid: rhel-8-for-x86_64-baseos-rpms
    size: 47120
    sourcerpm: perl-Term-ANSIColor-4.06-396.el8.src.rpm
    url: https://cdn.redhat.com/content/dist/rhel8/8/x86_64/baseos/os/Packages/p/perl-Term-ANSIColor-4.06-396.el8.noarch.rpm
  - checksum: sha256:41c0f3ea7c7c2f21b5ccb0432db2c1b916ae34691a57f0b7bcb5a09dc7d8fafc
    evr: 1.17-395.el8
    name: perl-Term-Cap
    repoid: rhel-8-for-x86_64-baseos-rpms
    size: 23368
    sourcerpm: perl-Term-Cap-1.17-395.el8.src.rpm
    url: https://cdn.redhat.com/content/dist/rhel8/8/x86_64/baseos/os/Packages/p/perl-Term-Cap-1.17-395.el8.noarch.rpm
  - checksum: sha256:25ff1ab94430493bde65da6a800bb2638edc64dca38971eba2c798475cc18b97
    evr: 3.30-395.el8
    name: perl-Text-ParseWords
    repoid: rhel-8-for-x86_64-baseos-rpms
    size: 18372
    sourcerpm: perl-Text-ParseWords-3.30-395.el8.src.rpm
    url: https://cdn.redhat.com/content/dist/rhel8/8/x86_64/baseos/os/Packages/p/perl-Text-ParseWords-3.30-395.el8.noarch.rpm
  - checksum: sha256:7e078a375d2636b705e1734be79a8b76a306f8578066c901713663e367925bc7
    evr: 2013.0523-395.el8
    name: perl-Text-Tabs+Wrap
    repoid: rhel-8-for-x86_64-baseos-rpms
    size: 24736
    sourcerpm: perl-Text-Tabs+Wrap-2013.0523-395.el8.src.rpm
    url: https://cdn.redhat.com/content/dist/rhel8/8/x86_64/baseos/os/Packages/p/perl-Text-Tabs+Wrap-2013.0523-395.el8.noarch.rpm
  - checksum: sha256:4019e427bf69ed70e3a3cdfdcdd6771bcee1484f8e83bb69539a9e6530baddf1
    evr: 1:1.280-1.el8
    name: perl-Time-Local
    repoid: rhel-8-for-x86_64-baseos-rpms
    size: 34328
    sourcerpm: perl-Time-Local-1.280-1.el8.src.rpm
    url: https://cdn.redhat.com/content/dist/rhel8/8/x86_64/baseos/os/Packages/p/perl-Time-Local-1.280-1.el8.noarch.rpm
  - checksum: sha256:e2ad63f39d3e929d08f4938fb325a861bfa19715a3701dfceb06391d18ef3c42
    evr: 1.25-396.el8
    name: perl-Unicode-Normalize
    repoid: rhel-8-for-x86_64-baseos-rpms
    size: 83844
    sourcerpm: perl-Unicode-Normalize-1.25-396.el8.src.rpm
    url: https://cdn.redhat.com/content/dist/rhel8/8/x86_64/baseos/os/Packages/p/perl-Unicode-Normalize-1.25-396.el8.x86_64.rpm
  - checksum: sha256:36798d9e979c9976ed66e23b3c8bda6250c4e80e411afe55c3942291cb4cb4ce
    evr: 1.33-396.el8
    name: perl-constant
    repoid: rhel-8-for-x86_64-baseos-rpms
    size: 25956
    sourcerpm: perl-constant-1.33-396.el8.src.rpm
    url: https://cdn.redhat.com/content/dist/rhel8/8/x86_64/baseos/os/Packages/p/perl-constant-1.33-396.el8.noarch.rpm
  - checksum: sha256:8505819ca7031e26a638e29f34e8808454a07c0828125976bdc0a3dda8291439
    evr: 4:5.26.3-423.el8_10
    name: perl-interpreter
    repoid: rhel-8-for-x86_64-baseos-rpms
    size: 6622556
    sourcerpm: perl-5.26.3-423.el8_10.src.rpm
    url: https://cdn.redhat.com/content/dist/rhel8/8/x86_64/baseos/os/Packages/p/perl-interpreter-5.26.3-423.el8_10.x86_64.rpm
  - checksum: sha256:34a52f691b8b1a740651589dda3643649fe54be9d1bb96337cd42b7361317b50
    evr: 4:5.26.3-423.el8_10
    name: perl-libs
    repoid: rhel-8-for-x86_64-baseos-rpms
    size: 1633784
    sourcerpm: perl-5.26.3-423.el8_10.src.rpm
    url: https://cdn.redhat.com/content/dist/rhel8/8/x86_64/baseos/os/Packages/p/perl-libs-5.26.3-423.el8_10.x86_64.rpm
  - checksum: sha256:458d91cfbed0495cf14355c5901ad1f1c00a7e0a20bbe7efe1aa81ce130e0371
    evr: 4:5.26.3-423.el8_10
    name: perl-macros
    repoid: rhel-8-for-x86_64-baseos-rpms
    size: 74476
    sourcerpm: perl-5.26.3-423.el8_10.src.rpm
    url: https://cdn.redhat.com/content/dist/rhel8/8/x86_64/baseos/os/Packages/p/perl-macros-5.26.3-423.el8_10.x86_64.rpm
  - checksum: sha256:abe578c5dee7c306812e241c77ebc8ba4b54f90df8e65c56f8f202ba6e0d7183
    evr: 1:0.237-1.el8
    name: perl-parent
    repoid: rhel-8-for-x86_64-baseos-rpms
    size: 20520
    sourcerpm: perl-parent-0.237-1.el8.src.rpm
    url: https://cdn.redhat.com/content/dist/rhel8/8/x86_64/baseos/os/Packages/p/perl-parent-0.237-1.el8.noarch.rpm
  - checksum: sha256:4811ab95c1d50ef7380e2c5937ae4490f8e28f56cf787c189437d1709e4423fb
    evr: 4.11-1.el8
    name: perl-podlators
    repoid: rhel-8-for-x86_64-baseos-rpms
    size: 120828
    sourcerpm: perl-podlators-4.11-1.el8.src.rpm
    url: https://cdn.redhat.com/content/dist/rhel8/8/x86_64/baseos/os/Packages/p/perl-podlators-4.11-1.el8.noarch.rpm
  - checksum: sha256:0d3f8e14265aa162bfcec4aff8064fa26188f1e51e897f20760bab906a9f9e5e
    evr: 1:2.21-2.el8
    name: perl-threads
    repoid: rhel-8-for-x86_64-baseos-rpms
    size: 62692
    sourcerpm: perl-threads-2.21-2.el8.src.rpm
    url: https://cdn.redhat.com/content/dist/rhel8/8/x86_64/baseos/os/Packages/p/perl-threads-2.21-2.el8.x86_64.rpm
  - checksum: sha256:78af5e69d8a6b9dd041ec748e7401ed6f0ce80f2003f43a7723816d0b2aa4c69
    evr: 1.58-2.el8
    name: perl-threads-shared
    repoid: rhel-8-for-x86_64-baseos-rpms
    size: 48800
    sourcerpm: perl-threads-shared-1.58-2.el8.src.rpm
    url: https://cdn.redhat.com/content/dist/rhel8/8/x86_64/baseos/os/Packages/p/perl-threads-shared-1.58-2.el8.x86_64.rpm
  - checksum: sha256:ea73ee201451bbca0d6d14ca434c93800f01c8fb1b9daef727a5af1a27356d07
    evr: 2:4.6-22.el8
    name: shadow-utils
    repoid: rhel-8-for-x86_64-baseos-rpms
    size: 1292332
    sourcerpm: shadow-utils-4.6-22.el8.src.rpm
    url: https://cdn.redhat.com/content/dist/rhel8/8/x86_64/baseos/os/Packages/s/shadow-utils-4.6-22.el8.x86_64.rpm
  - checksum: sha256:1accef88d06655139903a7b4aa6a01cab62b3c899a93d297cb7ac92a476abed6
    evr: 2.32.1-46.el8
    name: util-linux
    repoid: rhel-8-for-x86_64-baseos-rpms
    size: 2597616
    sourcerpm: util-linux-2.32.1-46.el8.src.rpm
    url: https://cdn.redhat.com/content/dist/rhel8/8/x86_64/baseos/os/Packages/u/util-linux-2.32.1-46.el8.x86_64.rpm
  source:
  - checksum: sha256:835902fc3455d9e3b132ed1f8f63eefc4adf1c7d505771604ff89cb2f0116f0c
    evr: 2.9.6-15.el8
    name: cracklib
    repoid: rhel-8-for-x86_64-baseos-source-rpms
    size: 6423670
    url: https://cdn.redhat.com/content/dist/rhel8/8/x86_64/baseos/source/SRPMS/Packages/c/cracklib-2.9.6-15.el8.src.rpm
  - checksum: sha256:0ae17757b5e99bef9393d2d25c4bfc5884c48b825307a71b3c330dd72558aa1e
    evr: 1:26.1-15.el8_10
    name: emacs
    repoid: rhel-8-for-x86_64-baseos-source-rpms
    size: 44390925
    url: https://cdn.redhat.com/content/dist/rhel8/8/x86_64/baseos/source/SRPMS/Packages/e/emacs-26.1-15.el8_10.src.rpm
  - checksum: sha256:41de03fcbf3a8f7fa42e7017058ae0186e98a0e448ce01772de7af0a856a749d
    evr: 2.2.5-17.el8_10
    name: expat
    repoid: rhel-8-for-x86_64-baseos-source-rpms
    size: 8345318
    url: https://cdn.redhat.com/content/dist/rhel8/8/x86_64/baseos/source/SRPMS/Packages/e/expat-2.2.5-17.el8_10.src.rpm
  - checksum: sha256:1bdcfa5032e3ef5ff5f9f72233b6c9c67c0c7ff994a04df131d3b64b213b99cb
    evr: 5.33-26.el8
    name: file
    repoid: rhel-8-for-x86_64-baseos-source-rpms
    size: 899551
    url: https://cdn.redhat.com/content/dist/rhel8/8/x86_64/baseos/source/SRPMS/Packages/f/file-5.33-26.el8.src.rpm
  - checksum: sha256:e91abeb46538fc264936c0eed825c28eab9eef47288c9eb1d2d4d078bccad5d1
    evr: 1:1.18-2.el8
    name: gdbm
    repoid: rhel-8-for-x86_64-baseos-source-rpms
    size: 966590
    url: https://cdn.redhat.com/content/dist/rhel8/8/x86_64/baseos/source/SRPMS/Packages/g/gdbm-1.18-2.el8.src.rpm
  - checksum: sha256:3d70ed8c7784143119218a32b413fa210c04f380018c6c801a33f7e33885ed19
    evr: 1.22.3-18.el8
    name: groff
    repoid: rhel-8-for-x86_64-baseos-source-rpms
    size: 4272813
    url: https://cdn.redhat.com/content/dist/rhel8/8/x86_64/baseos/source/SRPMS/Packages/g/groff-1.22.3-18.el8.src.rpm
  - checksum: sha256:cca21983255b0d999938c7a42a43d6402ab4bce1dbd058a16d6c4a2e6b95d763
    evr: 1.9-13.el8_5
    name: gzip
    repoid: rhel-8-for-x86_64-baseos-source-rpms
    size: 822025
    url: https://cdn.redhat.com/content/dist/rhel8/8/x86_64/baseos/source/SRPMS/Packages/g/gzip-1.9-13.el8_5.src.rpm
  - checksum: sha256:3a3fb5787be53264b5619eda709d8dc7a0f2eb8bfd658569d6543baff36e7366
    evr: 530-3.el8_10
    name: less
    repoid: rhel-8-for-x86_64-baseos-source-rpms
    size: 381600
    url: https://cdn.redhat.com/content/dist/rhel8/8/x86_64/baseos/source/SRPMS/Packages/l/less-530-3.el8_10.src.rpm
  - checksum: sha256:901bf3148d874bf17878d56ecbb524d1752a144164ca9c92891c181a3fccbfc2
    evr: 3.1-23.20170329cvs.el8
    name: libedit
    repoid: rhel-8-for-x86_64-baseos-source-rpms
    size: 525171
    url: https://cdn.redhat.com/content/dist/rhel8/8/x86_64/baseos/source/SRPMS/Packages/l/libedit-3.1-23.20170329cvs.el8.src.rpm
  - checksum: sha256:db3d53543d5caab48a6c0e582a8a5b4a00ae7a6b268e2b1231ce9de80f89ddd9
    evr: 1.2.0-2.20180605git4a062cf.el8
    name: libnsl2
    repoid: rhel-8-for-x86_64-baseos-source-rpms
    size: 147827
    url: https://cdn.redhat.com/content/dist/rhel8/8/x86_64/baseos/source/SRPMS/Packages/l/libnsl2-1.2.0-2.20180605git4a062cf.el8.src.rpm
  - checksum: sha256:79048b406a5ecf7b97286cd72c5ab8f84f91174f1741db66b0e1a24a7de66113
    evr: 1.4.4-6.el8
    name: libpwquality
    repoid: rhel-8-for-x86_64-baseos-source-rpms
    size: 443269
    url: https://cdn.redhat.com/content/dist/rhel8/8/x86_64/baseos/source/SRPMS/Packages/l/libpwquality-1.4.4-6.el8.src.rpm
  - checksum: sha256:bdfaa6f41b668f889f15abc2165208ff2bc543e34da6235a19943613521e6df8
    evr: 2.9-12.el8_10
    name: libsemanage
    repoid: rhel-8-for-x86_64-baseos-source-rpms
    size: 268557
    url: https://cdn.redhat.com/content/dist/rhel8/8/x86_64/baseos/source/SRPMS/Packages/l/libsemanage-2.9-12.el8_10.src.rpm
  - checksum: sha256:6bfcac057ab526f43b562f42b471f98c563456817bcda85cba058becccbee71b
    evr: 1.1.4-12.el8_10
    name: libtirpc
    repoid: rhel-8-for-x86_64-baseos-source-rpms
    size: 560689
    url: https://cdn.redhat.com/content/dist/rhel8/8/x86_64/baseos/source/SRPMS/Packages/l/libtirpc-1.1.4-12.el8_10.src.rpm
  - checksum: sha256:cba58a16a506c2de446105f7b2c3e765d34a02941ea46d3ff03ed20c624f861f
    evr: 1.1.6-14.el8
    name: libutempter
    repoid: rhel-8-for-x86_64-baseos-source-rpms
    size: 32789
    url: https://cdn.redhat.com/content/dist/rhel8/8/x86_64/baseos/source/SRPMS/Packages/l/libutempter-1.1.6-14.el8.src.rpm
  - checksum: sha256:19a4dbbf35f5ea28cfc2fd3f43ab01093f456804d1f94364121c025155f01112
    evr: 1:4.2.1-11.el8
    name: make
    repoid: rhel-8-for-x86_64-baseos-source-rpms
    size: 1446894
    url: https://cdn.redhat.com/content/dist/rhel8/8/x86_64/baseos/source/SRPMS/Packages/m/make-4.2.1-11.el8.src.rpm
  - checksum: sha256:6fcd8a8bc7eca36c65368df740a5760961740d0c34342cdb0eb23b54799948a4
    evr: 6.1-10.20180224.el8
    name: ncurses
    repoid: rhel-8-for-x86_64-baseos-source-rpms
    size: 3422193
    url: https://cdn.redhat.com/content/dist/rhel8/8/x86_64/baseos/source/SRPMS/Packages/n/ncurses-6.1-10.20180224.el8.src.rpm
  - checksum: sha256:7a69d14debfacb701f4c71f9a17d41500d225397e3879f8027f729a9d4a259ab
    evr: 8.0p1-25.el8_10
    name: openssh
    repoid: rhel-8-for-x86_64-baseos-source-rpms
    size: 3031156
    url: https://cdn.redhat.com/content/dist/rhel8/8/x86_64/baseos/source/SRPMS/Packages/o/openssh-8.0p1-25.el8_10.src.rpm
  - checksum: sha256:c97b10d6a034e025a19ec8443ef7c80755e3a407fe29a77dda95af958b199eed
    evr: 1:1.1.1k-14.el8_6
    name: openssl
    repoid: rhel-8-for-x86_64-baseos-source-rpms
    size: 7741480
    url: https://cdn.redhat.com/content/dist/rhel8/8/x86_64/baseos/source/SRPMS/Packages/o/openssl-1.1.1k-14.el8_6.src.rpm
  - checksum: sha256:39e51801a9112d6e5ad658823ce492ae264eb767559c0036ff68545bdb49de99
    evr: 1.3.1-37.el8_10
    name: pam
    repoid: rhel-8-for-x86_64-baseos-source-rpms
    size: 1177397
    url: https://cdn.redhat.com/content/dist/rhel8/8/x86_64/baseos/source/SRPMS/Packages/p/pam-1.3.1-37.el8_10.src.rpm
  - checksum: sha256:13ac3027330c74ee2f6180e1790c5c29b0311675997cbeb57adb5825de6774a7
    evr: 4:5.26.3-423.el8_10
    name: perl
    repoid: rhel-8-for-x86_64-baseos-source-rpms
    size: 14617799
    url: https://cdn.redhat.com/content/dist/rhel8/8/x86_64/baseos/source/SRPMS/Packages/p/perl-5.26.3-423.el8_10.src.rpm
  - checksum: sha256:6e54cfe6173d114d79ad787616debfcd361215cb706a073849e5b725e9d602f5
    evr: 1.42-396.el8
    name: perl-Carp
    repoid: rhel-8-for-x86_64-baseos-source-rpms
    size: 39410
    url: https://cdn.redhat.com/content/dist/rhel8/8/x86_64/baseos/source/SRPMS/Packages/p/perl-Carp-1.42-396.el8.src.rpm
  - checksum: sha256:693f45422bea04068b74e2006b6fe83ab28717c811a5010bf03d6dbc1971deac
    evr: 2.167-399.el8
    name: perl-Data-Dumper
    repoid: rhel-8-for-x86_64-baseos-source-rpms
    size: 133858
    url: https://cdn.redhat.com/content/dist/rhel8/8/x86_64/baseos/source/SRPMS/Packages/p/perl-Data-Dumper-2.167-399.el8.src.rpm
  - checksum: sha256:ec3cc9dded5debede94ab5a1ac9635b9ce47378bdb759a45d6342ee1a1a3b3ff
    evr: 1.17-395.el8
    name: perl-Digest
    repoid: rhel-8-for-x86_64-baseos-source-rpms
    size: 22585
    url: https://cdn.redhat.com/content/dist/rhel8/8/x86_64/baseos/source/SRPMS/Packages/p/perl-Digest-1.17-395.el8.src.rpm
  - checksum: sha256:e03a9fead12685a2190d6b01a1a81809a7bc7bdcba52dc8f3d9c099af12d0c8e
    evr: 2.55-396.el8
    name: perl-Digest-MD5
    repoid: rhel-8-for-x86_64-baseos-source-rpms
    size: 60640
    url: https://cdn.redhat.com/content/dist/rhel8/8/x86_64/baseos/source/SRPMS/Packages/p/perl-Digest-MD5-2.55-396.el8.src.rpm
  - checksum: sha256:ccdb4f8262ca5564d92873e502108424e84ebc1fe2f87303c3f83abeaaa8b9e4
    evr: 4:2.97-3.el8
    name: perl-Encode
    repoid: rhel-8-for-x86_64-baseos-source-rpms
    size: 1909992
    url: https://cdn.redhat.com/content/dist/rhel8/8/x86_64/baseos/source/SRPMS/Packages/p/perl-Encode-2.97-3.el8.src.rpm
  - checksum: sha256:4ebd569f83d0a04406c2784d4dcc06bc3aec02c47fcc315b2408b07f9cb6d7cb
    evr: 5.72-396.el8
    name: perl-Exporter
    repoid: rhel-8-for-x86_64-baseos-source-rpms
    size: 30797
    url: https://cdn.redhat.com/content/dist/rhel8/8/x86_64/baseos/source/SRPMS/Packages/p/perl-Exporter-5.72-396.el8.src.rpm
  - checksum: sha256:d067cc6c5f63792fd0167bee1235c2e7b041d0724383ac65d1a275c92e60ee7d
    evr: 2.15-2.el8
    name: perl-File-Path
    repoid: rhel-8-for-x86_64-baseos-source-rpms
    size: 44093
    url: https://cdn.redhat.com/content/dist/rhel8/8/x86_64/baseos/source/SRPMS/Packages/p/perl-File-Path-2.15-2.el8.src.rpm
  - checksum: sha256:aef94fc3f0fdc16f4332c1d44c05bf96abd821a35a5645dc7df98159563fde23
    evr: 0.230.600-1.el8
    name: perl-File-Temp
    repoid: rhel-8-for-x86_64-baseos-source-rpms
    size: 89704
    url: https://cdn.redhat.com/content/dist/rhel8/8/x86_64/baseos/source/SRPMS/Packages/p/perl-File-Temp-0.230.600-1.el8.src.rpm
  - checksum: sha256:78e26ca8558531b08df38b63ff09b15a1237f57693cfb191dff6b123b52ad462
    evr: 1:2.50-4.el8
    name: perl-Getopt-Long
    repoid: rhel-8-for-x86_64-baseos-source-rpms
    size: 55481
    url: https://cdn.redhat.com/content/dist/rhel8/8/x86_64/baseos/source/SRPMS/Packages/p/perl-Getopt-Long-2.50-4.el8.src.rpm
  - checksum: sha256:ee584d582dc268ceefd1c334f19178df24d15e2bbf3fc4db3408d8baf7ba1156
    evr: 0.074-3.el8
    name: perl-HTTP-Tiny
    repoid: rhel-8-for-x86_64-baseos-source-rpms
    size: 94643
    url: https://cdn.redhat.com/content/dist/rhel8/8/x86_64/baseos/source/SRPMS/Packages/p/perl-HTTP-Tiny-0.074-3.el8.src.rpm
  - checksum: sha256:474c2d5388faea1a2a958d803754276dd99105a5e446200aebca09e0cb16445e
    evr: 0.39-5.el8
    name: perl-IO-Socket-IP
    repoid: rhel-8-for-x86_64-baseos-source-rpms
    size: 60059
    url: https://cdn.redhat.com/content/dist/rhel8/8/x86_64/baseos/source/SRPMS/Packages/p/perl-IO-Socket-IP-0.39-5.el8.src.rpm
  - checksum: sha256:ed1d5e3edc2c0e83cfe4f4db09ffcff50b6a70d91ccac2856b2024c9261351f9
    evr: 3.15-396.el8
    name: perl-MIME-Base64
    repoid: rhel-8-for-x86_64-baseos-source-rpms
    size: 28234
    url: https://cdn.redhat.com/content/dist/rhel8/8/x86_64/baseos/source/SRPMS/Packages/p/perl-MIME-Base64-3.15-396.el8.src.rpm
  - checksum: sha256:07efbd3dd8efa238a61845f2e8328836208344c58b3cde763ed726ad9f66e53d
    evr: 3.74-1.el8
    name: perl-PathTools
    repoid: rhel-8-for-x86_64-baseos-source-rpms
    size: 137742
    url: https://cdn.redhat.com/content/dist/rhel8/8/x86_64/baseos/source/SRPMS/Packages/p/perl-PathTools-3.74-1.el8.src.rpm
  - checksum: sha256:c7d6b9fd27c89bb9607dc6870be25816af5f75a98955539570250077f3e13c58
    evr: 1:1.07-395.el8
    name: perl-Pod-Escapes
    repoid: rhel-8-for-x86_64-baseos-source-rpms
    size: 21369
    url: https://cdn.redhat.com/content/dist/rhel8/8/x86_64/baseos/source/SRPMS/Packages/p/perl-Pod-Escapes-1.07-395.el8.src.rpm
  - checksum: sha256:300bdca3d858f534ad829cd9b8c762c5b34cfad11c31d70ee6beb9035f07cbeb
    evr: 3.28-396.el8
    name: perl-Pod-Perldoc
    repoid: rhel-8-for-x86_64-baseos-source-rpms
    size: 170889
    url: https://cdn.redhat.com/content/dist/rhel8/8/x86_64/baseos/source/SRPMS/Packages/p/perl-Pod-Perldoc-3.28-396.el8.src.rpm
  - checksum: sha256:865ee9e5c0dfb5ad3cd83eeb9b35082d6d51b1c9a18e80e6e4121710f6321663
    evr: 1:3.35-395.el8
    name: perl-Pod-Simple
    repoid: rhel-8-for-x86_64-baseos-source-rpms
    size: 292502
    url: https://cdn.redhat.com/content/dist/rhel8/8/x86_64/baseos/source/SRPMS/Packages/p/perl-Pod-Simple-3.35-395.el8.src.rpm
  - checksum: sha256:eafe281a2099a0dc407427cfa56696f460a0635f34e2233c019ae0bc0fba245b
    evr: 4:1.69-395.el8
    name: perl-Pod-Usage
    repoid: rhel-8-for-x86_64-baseos-source-rpms
    size: 74242
    url: https://cdn.redhat.com/content/dist/rhel8/8/x86_64/baseos/source/SRPMS/Packages/p/perl-Pod-Usage-1.69-395.el8.src.rpm
  - checksum: sha256:ffb0c86b10d1103123df63cc0328d09315db6b03802f2614a96fdd7232444803
    evr: 3:1.49-2.el8
    name: perl-Scalar-List-Utils
    repoid: rhel-8-for-x86_64-baseos-source-rpms
    size: 103833
    url: https://cdn.redhat.com/content/dist/rhel8/8/x86_64/baseos/source/SRPMS/Packages/p/perl-Scalar-List-Utils-1.49-2.el8.src.rpm
  - checksum: sha256:f4a44ab8183b9172652f9c749a184410b5067c8cc6656a35c4eb12c6c4cb8a52
    evr: 4:2.027-3.el8
    name: perl-Socket
    repoid: rhel-8-for-x86_64-baseos-source-rpms
    size: 61493
    url: https://cdn.redhat.com/content/dist/rhel8/8/x86_64/baseos/source/SRPMS/Packages/p/perl-Socket-2.027-3.el8.src.rpm
  - checksum: sha256:e5b897cf73b34d9f121366108a56d4c9b3cc5b4feae9216d06a1ea9faadb8a1c
    evr: 1:3.11-3.el8
    name: perl-Storable
    repoid: rhel-8-for-x86_64-baseos-source-rpms
    size: 212600
    url: https://cdn.redhat.com/content/dist/rhel8/8/x86_64/baseos/source/SRPMS/Packages/p/perl-Storable-3.11-3.el8.src.rpm
  - checksum: sha256:6c78167c38a6fcc475392ccb60dddba5ec7aea6d4c9ccc8fdaea6066611a3c23
    evr: 4.06-396.el8
    name: perl-Term-ANSIColor
    repoid: rhel-8-for-x86_64-baseos-source-rpms
    size: 63153
    url: https://cdn.redhat.com/content/dist/rhel8/8/x86_64/baseos/source/SRPMS/Packages/p/perl-Term-ANSIColor-4.06-396.el8.src.rpm
  - checksum: sha256:2953646cb9447ea6be598bbf750521016967d09cbee580e7177fb14b1fec49e1
    evr: 1.17-395.el8
    name: perl-Term-Cap
    repoid: rhel-8-for-x86_64-baseos-source-rpms
    size: 22600
    url: https://cdn.redhat.com/content/dist/rhel8/8/x86_64/baseos/source/SRPMS/Packages/p/perl-Term-Cap-1.17-395.el8.src.rpm
  - checksum: sha256:04dce7752e55622eb65ff504b4f43190e1104fd7bd0fa6f7d0a08b99c35f6827
    evr: 3.30-395.el8
    name: perl-Text-ParseWords
    repoid: rhel-8-for-x86_64-baseos-source-rpms
    size: 19141
    url: https://cdn.redhat.com/content/dist/rhel8/8/x86_64/baseos/source/SRPMS/Packages/p/perl-Text-ParseWords-3.30-395.el8.src.rpm
  - checksum: sha256:ee70aff3a8052cd9a2c42332a8514883e0453f1cc4b51283a8f0213fd2a50e6c
    evr: 2013.0523-395.el8
    name: perl-Text-Tabs+Wrap
    repoid: rhel-8-for-x86_64-baseos-source-rpms
    size: 30141
    url: https://cdn.redhat.com/content/dist/rhel8/8/x86_64/baseos/source/SRPMS/Packages/p/perl-Text-Tabs+Wrap-2013.0523-395.el8.src.rpm
  - checksum: sha256:37a06155836500c22854a0ed2cd1e19e2cb9464eafef8e2b72159923a13b9aa7
    evr: 1:1.280-1.el8
    name: perl-Time-Local
    repoid: rhel-8-for-x86_64-baseos-source-rpms
    size: 52203
    url: https://cdn.redhat.com/content/dist/rhel8/8/x86_64/baseos/source/SRPMS/Packages/p/perl-Time-Local-1.280-1.el8.src.rpm
  - checksum: sha256:dad920c0cd599360aff44efb33d8de6245b937dd296b011c645db1464fcc4ce9
    evr: 1.73-3.el8
    name: perl-URI
    repoid: rhel-8-for-x86_64-baseos-source-rpms
    size: 126236
    url: https://cdn.redhat.com/content/dist/rhel8/8/x86_64/baseos/source/SRPMS/Packages/p/perl-URI-1.73-3.el8.src.rpm
  - checksum: sha256:26df107448834f5b2def4c6cd609298c6bbbfe3220f8077664158f2a20581f73
    evr: 1.25-396.el8
    name: perl-Unicode-Normalize
    repoid: rhel-8-for-x86_64-baseos-source-rpms
    size: 51863
    url: https://cdn.redhat.com/content/dist/rhel8/8/x86_64/baseos/source/SRPMS/Packages/p/perl-Unicode-Normalize-1.25-396.el8.src.rpm
  - checksum: sha256:976f9c6ee5780e4b70a1a712516ff0e1c956ebb47bcd2616fbbb536520bbc328
    evr: 1.33-396.el8
    name: perl-constant
    repoid: rhel-8-for-x86_64-baseos-source-rpms
    size: 32690
    url: https://cdn.redhat.com/content/dist/rhel8/8/x86_64/baseos/source/SRPMS/Packages/p/perl-constant-1.33-396.el8.src.rpm
  - checksum: sha256:dc91b0b1230e700b03f6bf9b67e7e1888a40fb3cba04407be800ebe03b3f6632
    evr: 3.11-3.el8
    name: perl-libnet
    repoid: rhel-8-for-x86_64-baseos-source-rpms
    size: 106574
    url: https://cdn.redhat.com/content/dist/rhel8/8/x86_64/baseos/source/SRPMS/Packages/p/perl-libnet-3.11-3.el8.src.rpm
  - checksum: sha256:08815783344cfa0bf276838b3ed36e3df7c6d854a350c6515f8585d2aceef5f6
    evr: 1:0.237-1.el8
    name: perl-parent
    repoid: rhel-8-for-x86_64-baseos-source-rpms
    size: 27591
    url: https://cdn.redhat.com/content/dist/rhel8/8/x86_64/baseos/source/SRPMS/Packages/p/perl-parent-0.237-1.el8.src.rpm
  - checksum: sha256:5400b164b06ffb22a71c9f784bb8d2a8ca1f337a0444eb7072383fd5c0b4cc50
    evr: 4.11-1.el8
    name: perl-podlators
    repoid: rhel-8-for-x86_64-baseos-source-rpms
    size: 146297
    url: https://cdn.redhat.com/content/dist/rhel8/8/x86_64/baseos/source/SRPMS/Packages/p/perl-podlators-4.11-1.el8.src.rpm
  - checksum: sha256:d87b4593b6b3aa2edf6caed1693b5f20af1e9998cfd2cd94246f30bb15257653
    evr: 1:2.21-2.el8
    name: perl-threads
    repoid: rhel-8-for-x86_64-baseos-source-rpms
    size: 129508
    url: https://cdn.redhat.com/content/dist/rhel8/8/x86_64/baseos/source/SRPMS/Packages/p/perl-threads-2.21-2.el8.src.rpm
  - checksum: sha256:f4d768aa34f6bfbe9985856bf5188c2dd7b02f99b415343ef135335d0e86e8a1
    evr: 1.58-2.el8
    name: perl-threads-shared
    repoid: rhel-8-for-x86_64-baseos-source-rpms
    size: 116865
    url: https://cdn.redhat.com/content/dist/rhel8/8/x86_64/baseos/source/SRPMS/Packages/p/perl-threads-shared-1.58-2.el8.src.rpm
  - checksum: sha256:140a4273738ea9cfd1fc5627ebd66ad1696a5e3c959092b41bf5dc6d7657d8a6
    evr: 2:4.6-22.el8
    name: shadow-utils
    repoid: rhel-8-for-x86_64-baseos-source-rpms
    size: 1845120
    url: https://cdn.redhat.com/content/dist/rhel8/8/x86_64/baseos/source/SRPMS/Packages/s/shadow-utils-4.6-22.el8.src.rpm
  - checksum: sha256:3fb688481dd062d917d8119cd64582a9e6ffa6736a6dbbf956d038a9115c6004
    evr: 2.32.1-46.el8
    name: util-linux
    repoid: rhel-8-for-x86_64-baseos-source-rpms
    size: 4816801
    url: https://cdn.redhat.com/content/dist/rhel8/8/x86_64/baseos/source/SRPMS/Packages/u/util-linux-2.32.1-46.el8.src.rpm
lockfileVendor: redhat
lockfileVersion: 1
