---
metadata:
    version: "1.0"
artifacts:
  - type: "maven"
    filename: "jdtls-product.tar.gz"
    attributes:
      repository_url: "https://indy.corp.redhat.com/api/content/maven/hosted/pnc-builds"
      group_id: "org.eclipse.jdt.ls"
      artifact_id: "org.eclipse.jdt.ls.product"
      version: "7.2.0.CR1-redhat-00001"
      type: "tar.gz"
    checksum: "sha256:451a40e5340c95d2fe9e79519cf2d60e30ad90390c652031b10a7b9c0f3bc34f"
  - type: "maven"
    filename: "java-analyzer-bundle.core.jar"
    attributes:
      repository_url: "https://indy.corp.redhat.com/api/content/maven/hosted/pnc-builds"
      group_id: "io.konveyor.tackle"
      artifact_id: "java-analyzer-bundle.core"
      version: "8.0.0.CR1-redhat-00006"
      type: "jar"
    checksum: "sha256:6f23f773ea1af23a980b2902e48b6bcc0280449e5b00975a926f56688f5d989c"
  - type: "maven"
    filename: "fernflower.jar"
    attributes:
      repository_url: "https://indy.corp.redhat.com/api/content/maven/hosted/pnc-builds"
      group_id: "org.jetbrains.java.decompiler"
      artifact_id: "fernflower"
      version: "8.0.0.CR1-redhat-00003"
      type: "jar"
    checksum: "sha256:9a850a8b71e92346f154b4cc737cb6153c260475f775b34a35701ad81133d4f0"
