---
lockfileVersion: 1
lockfileVendor: redhat
arches:
- arch: aarch64
  packages:
  - url: https://cdn.redhat.com/content/dist/rhel9/9/aarch64/appstream/os/Packages/c/cpp-11.5.0-5.el9_5.aarch64.rpm
    repoid: rhel-9-for-aarch64-appstream-rpms
    size: 10795955
    checksum: sha256:fd6561d7ca6a5ec7a9d9c17c623d97c24eec8f6c8de91081ba95343ebd0de7c2
    name: cpp
    evr: 11.5.0-5.el9_5
    sourcerpm: gcc-11.5.0-5.el9_5.src.rpm
  - url: https://cdn.redhat.com/content/dist/rhel9/9/aarch64/appstream/os/Packages/g/gcc-11.5.0-5.el9_5.aarch64.rpm
    repoid: rhel-9-for-aarch64-appstream-rpms
    size: 31300907
    checksum: sha256:0adab9938458e552e3d5433c668d7abb946be0a81b2b510a201136efbca51601
    name: gcc
    evr: 11.5.0-5.el9_5
    sourcerpm: gcc-11.5.0-5.el9_5.src.rpm
  - url: https://cdn.redhat.com/content/dist/rhel9/9/aarch64/appstream/os/Packages/g/gcc-c++-11.5.0-5.el9_5.aarch64.rpm
    repoid: rhel-9-for-aarch64-appstream-rpms
    size: 12999288
    checksum: sha256:a9ff0bd2a2b3483e07dcf87f8137a6358f36f5300c934b90500f119f884e3463
    name: gcc-c++
    evr: 11.5.0-5.el9_5
    sourcerpm: gcc-11.5.0-5.el9_5.src.rpm
  - url: https://cdn.redhat.com/content/dist/rhel9/9/aarch64/appstream/os/Packages/g/glibc-devel-2.34-168.el9_6.23.aarch64.rpm
    repoid: rhel-9-for-aarch64-appstream-rpms
    size: 563020
    checksum: sha256:df23a305d84fb32a97cab65f941d968900f9c6c1e165d8d3509ec7a328d285ed
    name: glibc-devel
    evr: 2.34-168.el9_6.23
    sourcerpm: glibc-2.34-168.el9_6.23.src.rpm
  - url: https://cdn.redhat.com/content/dist/rhel9/9/aarch64/appstream/os/Packages/k/kernel-headers-5.14.0-570.52.1.el9_6.aarch64.rpm
    repoid: rhel-9-for-aarch64-appstream-rpms
    size: 3693037
    checksum: sha256:c403e93994e4a7cbe9269a310c466fdb50e9636692798361e41c33202eb45d1c
    name: kernel-headers
    evr: 5.14.0-570.52.1.el9_6
    sourcerpm: kernel-5.14.0-570.52.1.el9_6.src.rpm
  - url: https://cdn.redhat.com/content/dist/rhel9/9/aarch64/appstream/os/Packages/l/libasan-11.5.0-5.el9_5.aarch64.rpm
    repoid: rhel-9-for-aarch64-appstream-rpms
    size: 413819
    checksum: sha256:3febfe157847f68e8c94796eb4a0e2d4c3c660b33c91ad068dd75f785ae76fa0
    name: libasan
    evr: 11.5.0-5.el9_5
    sourcerpm: gcc-11.5.0-5.el9_5.src.rpm
  - url: https://cdn.redhat.com/content/dist/rhel9/9/aarch64/appstream/os/Packages/l/libmpc-1.2.1-4.el9.aarch64.rpm
    repoid: rhel-9-for-aarch64-appstream-rpms
    size: 67120
    checksum: sha256:3763354a5f45d886f9976eec20eb34f8afc2144c69ffba07de546f2820893c70
    name: libmpc
    evr: 1.2.1-4.el9
    sourcerpm: libmpc-1.2.1-4.el9.src.rpm
  - url: https://cdn.redhat.com/content/dist/rhel9/9/aarch64/appstream/os/Packages/l/libstdc++-devel-11.5.0-5.el9_5.aarch64.rpm
    repoid: rhel-9-for-aarch64-appstream-rpms
    size: 2526795
    checksum: sha256:83a2006137335a9b17a05a02a54481abcdfd295b280b924c51caaacd7bf07ad6
    name: libstdc++-devel
    evr: 11.5.0-5.el9_5
    sourcerpm: gcc-11.5.0-5.el9_5.src.rpm
  - url: https://cdn.redhat.com/content/dist/rhel9/9/aarch64/appstream/os/Packages/l/libubsan-11.5.0-5.el9_5.aarch64.rpm
    repoid: rhel-9-for-aarch64-appstream-rpms
    size: 183667
    checksum: sha256:0751fe4ed4571b48dbca8664a16b410030ec76e2f5d71234807751458d717f31
    name: libubsan
    evr: 11.5.0-5.el9_5
    sourcerpm: gcc-11.5.0-5.el9_5.src.rpm
  - url: https://cdn.redhat.com/content/dist/rhel9/9/aarch64/appstream/os/Packages/l/libxcrypt-devel-4.4.18-3.el9.aarch64.rpm
    repoid: rhel-9-for-aarch64-appstream-rpms
    size: 33051
    checksum: sha256:9d621f33df35b9c274b8d65457d6c67fc1522b6c62cf7b2341a4a99f39a93507
    name: libxcrypt-devel
    evr: 4.4.18-3.el9
    sourcerpm: libxcrypt-4.4.18-3.el9.src.rpm
  - url: https://cdn.redhat.com/content/dist/rhel9/9/aarch64/appstream/os/Packages/p/python3-devel-3.9.21-2.el9_6.2.aarch64.rpm
    repoid: rhel-9-for-aarch64-appstream-rpms
    size: 249899
    checksum: sha256:398029540fbebd62e3b20a3b66d120fdffb3cc84d47dafb12750b62dc1a9e1d3
    name: python3-devel
    evr: 3.9.21-2.el9_6.2
    sourcerpm: python3.9-3.9.21-2.el9_6.2.src.rpm
  - url: https://cdn.redhat.com/content/dist/rhel9/9/aarch64/appstream/os/Packages/p/python3-pip-21.3.1-1.el9.noarch.rpm
    repoid: rhel-9-for-aarch64-appstream-rpms
    size: 2133958
    checksum: sha256:2ff41d5bbfb5bf09378a499b56d9854e9389e3a8648897426d144f4b385f8730
    name: python3-pip
    evr: 21.3.1-1.el9
    sourcerpm: python-pip-21.3.1-1.el9.src.rpm
  - url: https://cdn.redhat.com/content/dist/rhel9/9/aarch64/baseos/os/Packages/b/binutils-2.35.2-63.el9.aarch64.rpm
    repoid: rhel-9-for-aarch64-baseos-rpms
    size: 5023899
    checksum: sha256:c0daaed62bf2dc4ff0f3a30e3f0c538170c998c2b805acf931b7e8b77accf087
    name: binutils
    evr: 2.35.2-63.el9
    sourcerpm: binutils-2.35.2-63.el9.src.rpm
  - url: https://cdn.redhat.com/content/dist/rhel9/9/aarch64/baseos/os/Packages/b/binutils-gold-2.35.2-63.el9.aarch64.rpm
    repoid: rhel-9-for-aarch64-baseos-rpms
    size: 903496
    checksum: sha256:71c324de618542f894eb113644b2082d2f0e8d648d31a32f8a5fe14a78a5d295
    name: binutils-gold
    evr: 2.35.2-63.el9
    sourcerpm: binutils-2.35.2-63.el9.src.rpm
  - url: https://cdn.redhat.com/content/dist/rhel9/9/aarch64/baseos/os/Packages/e/elfutils-debuginfod-client-0.192-6.el9_6.aarch64.rpm
    repoid: rhel-9-for-aarch64-baseos-rpms
    size: 45890
    checksum: sha256:e2d5ce8ec635caf5e6e87275370d055daf2b6ee8837981ac9154bfee9c6859a0
    name: elfutils-debuginfod-client
    evr: 0.192-6.el9_6
    sourcerpm: elfutils-0.192-6.el9_6.src.rpm
  - url: https://cdn.redhat.com/content/dist/rhel9/9/aarch64/baseos/os/Packages/l/libatomic-11.5.0-5.el9_5.aarch64.rpm
    repoid: rhel-9-for-aarch64-baseos-rpms
    size: 30699
    checksum: sha256:11f6a22c1408245ca361984716b963170e5337a0764bd77c2e8951f0684ece25
    name: libatomic
    evr: 11.5.0-5.el9_5
    sourcerpm: gcc-11.5.0-5.el9_5.src.rpm
  - url: https://cdn.redhat.com/content/dist/rhel9/9/aarch64/baseos/os/Packages/l/libpkgconf-1.7.3-10.el9.aarch64.rpm
    repoid: rhel-9-for-aarch64-baseos-rpms
    size: 38310
    checksum: sha256:9bdfccf6b092e0683aa6984f7c6caa737b30c0b1495e16abb03b5d1a5f8e787a
    name: libpkgconf
    evr: 1.7.3-10.el9
    sourcerpm: pkgconf-1.7.3-10.el9.src.rpm
  - url: https://cdn.redhat.com/content/dist/rhel9/9/aarch64/baseos/os/Packages/m/make-4.3-8.el9.aarch64.rpm
    repoid: rhel-9-for-aarch64-baseos-rpms
    size: 550249
    checksum: sha256:351a22b0e6744bd329b1b0f22d9c3b69a6da970b575e6c76190cc84b0fe77450
    name: make
    evr: 1:4.3-8.el9
    sourcerpm: make-4.3-8.el9.src.rpm
  - url: https://cdn.redhat.com/content/dist/rhel9/9/aarch64/baseos/os/Packages/p/pkgconf-1.7.3-10.el9.aarch64.rpm
    repoid: rhel-9-for-aarch64-baseos-rpms
    size: 45196
    checksum: sha256:aa38a3951a690d721a815ea8f9b01995a85f35a8540d8075205821011d0385e6
    name: pkgconf
    evr: 1.7.3-10.el9
    sourcerpm: pkgconf-1.7.3-10.el9.src.rpm
  - url: https://cdn.redhat.com/content/dist/rhel9/9/aarch64/baseos/os/Packages/p/pkgconf-m4-1.7.3-10.el9.noarch.rpm
    repoid: rhel-9-for-aarch64-baseos-rpms
    size: 16054
    checksum: sha256:91bafd6e06099451f60288327b275cfcc651822f6145176a157c6b0fa5131e02
    name: pkgconf-m4
    evr: 1.7.3-10.el9
    sourcerpm: pkgconf-1.7.3-10.el9.src.rpm
  - url: https://cdn.redhat.com/content/dist/rhel9/9/aarch64/baseos/os/Packages/p/pkgconf-pkg-config-1.7.3-10.el9.aarch64.rpm
    repoid: rhel-9-for-aarch64-baseos-rpms
    size: 12398
    checksum: sha256:47f1f744f96a2f3d360bc129837738dcebb1ee5032effc4472a891eea1d6a907
    name: pkgconf-pkg-config
    evr: 1.7.3-10.el9
    sourcerpm: pkgconf-1.7.3-10.el9.src.rpm
  source:
  - url: https://cdn.redhat.com/content/dist/rhel9/9/aarch64/baseos/source/SRPMS/Packages/b/binutils-2.35.2-63.el9.src.rpm
    repoid: rhel-9-for-aarch64-baseos-source-rpms
    size: 22426920
    checksum: sha256:7e8e6c0116f7e862225990df4faaa664fe3b86198538cd350f01b3e5bd16cf41
    name: binutils
    evr: 2.35.2-63.el9
  - url: https://cdn.redhat.com/content/dist/rhel9/9/aarch64/baseos/source/SRPMS/Packages/e/elfutils-0.192-6.el9_6.src.rpm
    repoid: rhel-9-for-aarch64-baseos-source-rpms
    size: 11944670
    checksum: sha256:afe7c9bef952ed086637fe83ac77bfafa70bf2ba28c1d7aaa51a18c9a75146b6
    name: elfutils
    evr: 0.192-6.el9_6
  - url: https://cdn.redhat.com/content/dist/rhel9/9/aarch64/baseos/source/SRPMS/Packages/g/gcc-11.5.0-5.el9_5.src.rpm
    repoid: rhel-9-for-aarch64-baseos-source-rpms
    size: 81877102
    checksum: sha256:ed35dd39cd89aec444199a916667169638150fd12199dbb3c3d2638e43121565
    name: gcc
    evr: 11.5.0-5.el9_5
  - url: https://cdn.redhat.com/content/dist/rhel9/9/aarch64/baseos/source/SRPMS/Packages/g/glibc-2.34-168.el9_6.23.src.rpm
    repoid: rhel-9-for-aarch64-baseos-source-rpms
    size: 19844337
    checksum: sha256:2495e3b229885e01ffd5dec87ea83d52022235c081e8fb19f6744a9e821b044f
    name: glibc
    evr: 2.34-168.el9_6.23
  - url: https://cdn.redhat.com/content/dist/rhel9/9/aarch64/baseos/source/SRPMS/Packages/k/kernel-5.14.0-570.52.1.el9_6.src.rpm
    repoid: rhel-9-for-aarch64-baseos-source-rpms
    size: 149453862
    checksum: sha256:7153252b63a1ff7d52c5fe7e12ddeba5fbcb3a52b21f2d41396fd8e321c974b9
    name: kernel
    evr: 5.14.0-570.52.1.el9_6
  - url: https://cdn.redhat.com/content/dist/rhel9/9/aarch64/baseos/source/SRPMS/Packages/l/libxcrypt-4.4.18-3.el9.src.rpm
    repoid: rhel-9-for-aarch64-baseos-source-rpms
    size: 543970
    checksum: sha256:d18f72eb41ecd0370e2e47f1dc5774be54e9ff3b4dd333578017666c7c488f40
    name: libxcrypt
    evr: 4.4.18-3.el9
  - url: https://cdn.redhat.com/content/dist/rhel9/9/aarch64/baseos/source/SRPMS/Packages/m/make-4.3-8.el9.src.rpm
    repoid: rhel-9-for-aarch64-baseos-source-rpms
    size: 2335546
    checksum: sha256:a5cc45d6c158b255cda528c496dbb8bc7783acb9898b97a39a1811230e102d7c
    name: make
    evr: 1:4.3-8.el9
  - url: https://cdn.redhat.com/content/dist/rhel9/9/aarch64/baseos/source/SRPMS/Packages/p/pkgconf-1.7.3-10.el9.src.rpm
    repoid: rhel-9-for-aarch64-baseos-source-rpms
    size: 310904
    checksum: sha256:4d53718592b298ca7c49665b1f4e7bd32dcb42cad15c89345585da9f20d4fcae
    name: pkgconf
    evr: 1.7.3-10.el9
  - url: https://cdn.redhat.com/content/dist/rhel9/9/aarch64/baseos/source/SRPMS/Packages/p/python-pip-21.3.1-1.el9.src.rpm
    repoid: rhel-9-for-aarch64-baseos-source-rpms
    size: 8984717
    checksum: sha256:cb9e0cca3bd8dc24798cf1fb333d574774ce8288598331d44994d768f33648d3
    name: python-pip
    evr: 21.3.1-1.el9
  - url: https://cdn.redhat.com/content/dist/rhel9/9/aarch64/baseos/source/SRPMS/Packages/p/python3.9-3.9.21-2.el9_6.2.src.rpm
    repoid: rhel-9-for-aarch64-baseos-source-rpms
    size: 20294169
    checksum: sha256:9911695a9765085c3a6e72e929e9d9d8e78309823967e1f6dd7fb97696aa0d01
    name: python3.9
    evr: 3.9.21-2.el9_6.2
  module_metadata: []
- arch: x86_64
  packages:
  - url: https://cdn.redhat.com/content/dist/rhel9/9/x86_64/appstream/os/Packages/c/cpp-11.5.0-5.el9_5.x86_64.rpm
    repoid: rhel-9-for-x86_64-appstream-rpms
    size: 11229073
    checksum: sha256:b5567c690d46d4f5a2cb13be6a4f962dbe8cc7e821b9d3baa09a4f10c59014d9
    name: cpp
    evr: 11.5.0-5.el9_5
    sourcerpm: gcc-11.5.0-5.el9_5.src.rpm
  - url: https://cdn.redhat.com/content/dist/rhel9/9/x86_64/appstream/os/Packages/g/gcc-11.5.0-5.el9_5.x86_64.rpm
    repoid: rhel-9-for-x86_64-appstream-rpms
    size: 34006000
    checksum: sha256:03c99bc1021dbe54dd93120ed6b5249bbb02dbd5da9e0dc5d8c4a21d674fb1fd
    name: gcc
    evr: 11.5.0-5.el9_5
    sourcerpm: gcc-11.5.0-5.el9_5.src.rpm
  - url: https://cdn.redhat.com/content/dist/rhel9/9/x86_64/appstream/os/Packages/g/gcc-c++-11.5.0-5.el9_5.x86_64.rpm
    repoid: rhel-9-for-x86_64-appstream-rpms
    size: 13479598
    checksum: sha256:b8392274e302d665bc132aee4ed023f8a777d9c446531679ede18150d7867189
    name: gcc-c++
    evr: 11.5.0-5.el9_5
    sourcerpm: gcc-11.5.0-5.el9_5.src.rpm
  - url: https://cdn.redhat.com/content/dist/rhel9/9/x86_64/appstream/os/Packages/g/glibc-devel-2.34-168.el9_6.23.x86_64.rpm
    repoid: rhel-9-for-x86_64-appstream-rpms
    size: 34295
    checksum: sha256:0fa11752abf8ee80658e10017c62f7c0301bcae4008e4716fe6f114a7b9e3977
    name: glibc-devel
    evr: 2.34-168.el9_6.23
    sourcerpm: glibc-2.34-168.el9_6.23.src.rpm
  - url: https://cdn.redhat.com/content/dist/rhel9/9/x86_64/appstream/os/Packages/g/glibc-headers-2.34-168.el9_6.23.x86_64.rpm
    repoid: rhel-9-for-x86_64-appstream-rpms
    size: 553222
    checksum: sha256:b090ce707af3eb4d6a20e57fe780502d363892ecaaa41bc1575e4c6c5912f2ab
    name: glibc-headers
    evr: 2.34-168.el9_6.23
    sourcerpm: glibc-2.34-168.el9_6.23.src.rpm
  - url: https://cdn.redhat.com/content/dist/rhel9/9/x86_64/appstream/os/Packages/k/kernel-headers-5.14.0-570.52.1.el9_6.x86_64.rpm
    repoid: rhel-9-for-x86_64-appstream-rpms
    size: 3731389
    checksum: sha256:d409ea6bfbba5c3e1722e5e0290c2698d21ca2a3c384c877e62a34f43f299f27
    name: kernel-headers
    evr: 5.14.0-570.52.1.el9_6
    sourcerpm: kernel-5.14.0-570.52.1.el9_6.src.rpm
  - url: https://cdn.redhat.com/content/dist/rhel9/9/x86_64/appstream/os/Packages/l/libmpc-1.2.1-4.el9.x86_64.rpm
    repoid: rhel-9-for-x86_64-appstream-rpms
    size: 66075
    checksum: sha256:b97b4e98c3c6f41dcfc2ceb4ffa1aba7a338b7cfd9e6c4f63e3160dd3cc033d3
    name: libmpc
    evr: 1.2.1-4.el9
    sourcerpm: libmpc-1.2.1-4.el9.src.rpm
  - url: https://cdn.redhat.com/content/dist/rhel9/9/x86_64/appstream/os/Packages/l/libstdc++-devel-11.5.0-5.el9_5.x86_64.rpm
    repoid: rhel-9-for-x86_64-appstream-rpms
    size: 2531717
    checksum: sha256:84695eeeb1daa8ff74baf7efd9fc57fb136bec7e8a2ca56c105be6d83ec22d07
    name: libstdc++-devel
    evr: 11.5.0-5.el9_5
    sourcerpm: gcc-11.5.0-5.el9_5.src.rpm
  - url: https://cdn.redhat.com/content/dist/rhel9/9/x86_64/appstream/os/Packages/l/libxcrypt-compat-4.4.18-3.el9.x86_64.rpm
    repoid: rhel-9-for-x86_64-appstream-rpms
    size: 93189
    checksum: sha256:2bd6c288e1970a001d3a1ae69166c0d926d9c87ce892edcb2110f4e142c12a7a
    name: libxcrypt-compat
    evr: 4.4.18-3.el9
    sourcerpm: libxcrypt-4.4.18-3.el9.src.rpm
  - url: https://cdn.redhat.com/content/dist/rhel9/9/x86_64/appstream/os/Packages/l/libxcrypt-devel-4.4.18-3.el9.x86_64.rpm
    repoid: rhel-9-for-x86_64-appstream-rpms
    size: 33101
    checksum: sha256:c1d171391a7d2e043a6953efd3df3e01edc9b4c6cdb54517e1608d204a5fce18
    name: libxcrypt-devel
    evr: 4.4.18-3.el9
    sourcerpm: libxcrypt-4.4.18-3.el9.src.rpm
  - url: https://cdn.redhat.com/content/dist/rhel9/9/x86_64/appstream/os/Packages/p/python3-devel-3.9.21-2.el9_6.2.x86_64.rpm
    repoid: rhel-9-for-x86_64-appstream-rpms
    size: 249990
    checksum: sha256:11f8ba100e932d42a3204b0ee08c51fbdbc5b9434df07ebb156e369ea2979df4
    name: python3-devel
    evr: 3.9.21-2.el9_6.2
    sourcerpm: python3.9-3.9.21-2.el9_6.2.src.rpm
  - url: https://cdn.redhat.com/content/dist/rhel9/9/x86_64/appstream/os/Packages/p/python3-pip-21.3.1-1.el9.noarch.rpm
    repoid: rhel-9-for-x86_64-appstream-rpms
    size: 2133958
    checksum: sha256:2ff41d5bbfb5bf09378a499b56d9854e9389e3a8648897426d144f4b385f8730
    name: python3-pip
    evr: 21.3.1-1.el9
    sourcerpm: python-pip-21.3.1-1.el9.src.rpm
  - url: https://cdn.redhat.com/content/dist/rhel9/9/x86_64/baseos/os/Packages/b/binutils-2.35.2-63.el9.x86_64.rpm
    repoid: rhel-9-for-x86_64-baseos-rpms
    size: 4818636
    checksum: sha256:4eb918b63dee7daf32117df2e3fcb02ad4ba3d96cb25677cf55315deceb7e22a
    name: binutils
    evr: 2.35.2-63.el9
    sourcerpm: binutils-2.35.2-63.el9.src.rpm
  - url: https://cdn.redhat.com/content/dist/rhel9/9/x86_64/baseos/os/Packages/b/binutils-gold-2.35.2-63.el9.x86_64.rpm
    repoid: rhel-9-for-x86_64-baseos-rpms
    size: 753176
    checksum: sha256:339d9bb2dc0e41c4756f1a4f82e82f6654818b72de74f1f0377c76277617352b
    name: binutils-gold
    evr: 2.35.2-63.el9
    sourcerpm: binutils-2.35.2-63.el9.src.rpm
  - url: https://cdn.redhat.com/content/dist/rhel9/9/x86_64/baseos/os/Packages/e/elfutils-debuginfod-client-0.192-6.el9_6.x86_64.rpm
    repoid: rhel-9-for-x86_64-baseos-rpms
    size: 47122
    checksum: sha256:0fcab0370abc33e8df4686dad91ff390dd6dd3437b601c3911efd83ec7603168
    name: elfutils-debuginfod-client
    evr: 0.192-6.el9_6
    sourcerpm: elfutils-0.192-6.el9_6.src.rpm
  - url: https://cdn.redhat.com/content/dist/rhel9/9/x86_64/baseos/os/Packages/l/libpkgconf-1.7.3-10.el9.x86_64.rpm
    repoid: rhel-9-for-x86_64-baseos-rpms
    size: 38387
    checksum: sha256:4feae5941b73640bd86b8d506a657cac5b770043db1464fbcd207721b2159dda
    name: libpkgconf
    evr: 1.7.3-10.el9
    sourcerpm: pkgconf-1.7.3-10.el9.src.rpm
  - url: https://cdn.redhat.com/content/dist/rhel9/9/x86_64/baseos/os/Packages/m/make-4.3-8.el9.x86_64.rpm
    repoid: rhel-9-for-x86_64-baseos-rpms
    size: 553896
    checksum: sha256:561f0c2251e9217c81a6c88de4d2d9231a039aaab37e8a0d2559d36ce9fa85fd
    name: make
    evr: 1:4.3-8.el9
    sourcerpm: make-4.3-8.el9.src.rpm
  - url: https://cdn.redhat.com/content/dist/rhel9/9/x86_64/baseos/os/Packages/p/pkgconf-1.7.3-10.el9.x86_64.rpm
    repoid: rhel-9-for-x86_64-baseos-rpms
    size: 45675
    checksum: sha256:bb47b4ecc499c308f41031a99e723827d152d5d750f59849d0c265d820944a26
    name: pkgconf
    evr: 1.7.3-10.el9
    sourcerpm: pkgconf-1.7.3-10.el9.src.rpm
  - url: https://cdn.redhat.com/content/dist/rhel9/9/x86_64/baseos/os/Packages/p/pkgconf-m4-1.7.3-10.el9.noarch.rpm
    repoid: rhel-9-for-x86_64-baseos-rpms
    size: 16054
    checksum: sha256:91bafd6e06099451f60288327b275cfcc651822f6145176a157c6b0fa5131e02
    name: pkgconf-m4
    evr: 1.7.3-10.el9
    sourcerpm: pkgconf-1.7.3-10.el9.src.rpm
  - url: https://cdn.redhat.com/content/dist/rhel9/9/x86_64/baseos/os/Packages/p/pkgconf-pkg-config-1.7.3-10.el9.x86_64.rpm
    repoid: rhel-9-for-x86_64-baseos-rpms
    size: 12438
    checksum: sha256:9a502d81d73d3303ceb53a06ad7ce525c97117ea64352174a33708bf3429283d
    name: pkgconf-pkg-config
    evr: 1.7.3-10.el9
    sourcerpm: pkgconf-1.7.3-10.el9.src.rpm
  source:
  - url: https://cdn.redhat.com/content/dist/rhel9/9/x86_64/baseos/source/SRPMS/Packages/b/binutils-2.35.2-63.el9.src.rpm
    repoid: rhel-9-for-x86_64-baseos-source-rpms
    size: 22426920
    checksum: sha256:7e8e6c0116f7e862225990df4faaa664fe3b86198538cd350f01b3e5bd16cf41
    name: binutils
    evr: 2.35.2-63.el9
  - url: https://cdn.redhat.com/content/dist/rhel9/9/x86_64/baseos/source/SRPMS/Packages/e/elfutils-0.192-6.el9_6.src.rpm
    repoid: rhel-9-for-x86_64-baseos-source-rpms
    size: 11944670
    checksum: sha256:afe7c9bef952ed086637fe83ac77bfafa70bf2ba28c1d7aaa51a18c9a75146b6
    name: elfutils
    evr: 0.192-6.el9_6
  - url: https://cdn.redhat.com/content/dist/rhel9/9/x86_64/baseos/source/SRPMS/Packages/g/gcc-11.5.0-5.el9_5.src.rpm
    repoid: rhel-9-for-x86_64-baseos-source-rpms
    size: 81877102
    checksum: sha256:ed35dd39cd89aec444199a916667169638150fd12199dbb3c3d2638e43121565
    name: gcc
    evr: 11.5.0-5.el9_5
  - url: https://cdn.redhat.com/content/dist/rhel9/9/x86_64/baseos/source/SRPMS/Packages/g/glibc-2.34-168.el9_6.23.src.rpm
    repoid: rhel-9-for-x86_64-baseos-source-rpms
    size: 19844337
    checksum: sha256:2495e3b229885e01ffd5dec87ea83d52022235c081e8fb19f6744a9e821b044f
    name: glibc
    evr: 2.34-168.el9_6.23
  - url: https://cdn.redhat.com/content/dist/rhel9/9/x86_64/baseos/source/SRPMS/Packages/k/kernel-5.14.0-570.52.1.el9_6.src.rpm
    repoid: rhel-9-for-x86_64-baseos-source-rpms
    size: 149453862
    checksum: sha256:7153252b63a1ff7d52c5fe7e12ddeba5fbcb3a52b21f2d41396fd8e321c974b9
    name: kernel
    evr: 5.14.0-570.52.1.el9_6
  - url: https://cdn.redhat.com/content/dist/rhel9/9/x86_64/baseos/source/SRPMS/Packages/l/libxcrypt-4.4.18-3.el9.src.rpm
    repoid: rhel-9-for-x86_64-baseos-source-rpms
    size: 543970
    checksum: sha256:d18f72eb41ecd0370e2e47f1dc5774be54e9ff3b4dd333578017666c7c488f40
    name: libxcrypt
    evr: 4.4.18-3.el9
  - url: https://cdn.redhat.com/content/dist/rhel9/9/x86_64/baseos/source/SRPMS/Packages/m/make-4.3-8.el9.src.rpm
    repoid: rhel-9-for-x86_64-baseos-source-rpms
    size: 2335546
    checksum: sha256:a5cc45d6c158b255cda528c496dbb8bc7783acb9898b97a39a1811230e102d7c
    name: make
    evr: 1:4.3-8.el9
  - url: https://cdn.redhat.com/content/dist/rhel9/9/x86_64/baseos/source/SRPMS/Packages/p/pkgconf-1.7.3-10.el9.src.rpm
    repoid: rhel-9-for-x86_64-baseos-source-rpms
    size: 310904
    checksum: sha256:4d53718592b298ca7c49665b1f4e7bd32dcb42cad15c89345585da9f20d4fcae
    name: pkgconf
    evr: 1.7.3-10.el9
  - url: https://cdn.redhat.com/content/dist/rhel9/9/x86_64/baseos/source/SRPMS/Packages/p/python-pip-21.3.1-1.el9.src.rpm
    repoid: rhel-9-for-x86_64-baseos-source-rpms
    size: 8984717
    checksum: sha256:cb9e0cca3bd8dc24798cf1fb333d574774ce8288598331d44994d768f33648d3
    name: python-pip
    evr: 21.3.1-1.el9
  - url: https://cdn.redhat.com/content/dist/rhel9/9/x86_64/baseos/source/SRPMS/Packages/p/python3.9-3.9.21-2.el9_6.2.src.rpm
    repoid: rhel-9-for-x86_64-baseos-source-rpms
    size: 20294169
    checksum: sha256:9911695a9765085c3a6e72e929e9d9d8e78309823967e1f6dd7fb97696aa0d01
    name: python3.9
    evr: 3.9.21-2.el9_6.2
  module_metadata: []
